<?xml version="1.0" encoding="UTF-8"?>
<CONFIG>
  <ProjectOptions>
    <Version Value="12"/>
    <PathDelim Value="\"/>
    <General>
      <Flags>
        <CompatibilityMode Value="True"/>
      </Flags>
      <SessionStorage Value="InProjectDir"/>
      <Title Value="Kakaotv_chat"/>
      <Scaled Value="True"/>
      <ResourceType Value="res"/>
      <UseXPManifest Value="True"/>
      <Icon Value="0"/>
    </General>
    <i18n>
      <EnableI18N Value="True"/>
    </i18n>
    <VersionInfo>
      <UseVersionInfo Value="True"/>
      <AutoIncrementBuild Value="True"/>
      <MinorVersionNr Value="1"/>
      <RevisionNr Value="12"/>
      <BuildNr Value="108"/>
    </VersionInfo>
    <BuildModes Count="1">
      <Item1 Name="Default" Default="True"/>
    </BuildModes>
    <PublishOptions>
      <Version Value="2"/>
    </PublishOptions>
    <RunParams>
      <FormatVersion Value="2"/>
    </RunParams>
    <RequiredPackages Count="4">
      <Item1>
        <PackageName Value="CEF4Delphi_Lazarus"/>
      </Item1>
      <Item2>
        <PackageName Value="uniqueinstance_package"/>
      </Item2>
      <Item3>
        <PackageName Value="lnetvisual"/>
      </Item3>
      <Item4>
        <PackageName Value="LCL"/>
      </Item4>
    </RequiredPackages>
    <Units Count="9">
      <Unit0>
        <Filename Value="Kakaotv_chat.lpr"/>
        <IsPartOfProject Value="True"/>
      </Unit0>
      <Unit1>
        <Filename Value="kakaotv_chat_main.pas"/>
        <IsPartOfProject Value="True"/>
        <ComponentName Value="FormKakaoTVChat"/>
        <HasResources Value="True"/>
        <ResourceBaseClass Value="Form"/>
      </Unit1>
      <Unit2>
        <Filename Value="ukakaocef.pas"/>
        <IsPartOfProject Value="True"/>
        <UnitName Value="uKakaoCEF"/>
      </Unit2>
      <Unit3>
        <Filename Value="uwebsocksimple.pas"/>
        <IsPartOfProject Value="True"/>
        <UnitName Value="uWebsockSimple"/>
      </Unit3>
      <Unit4>
        <Filename Value="form_portset.pas"/>
        <IsPartOfProject Value="True"/>
        <ComponentName Value="FormPortSet"/>
        <HasResources Value="True"/>
        <ResourceBaseClass Value="Form"/>
      </Unit4>
      <Unit5>
        <Filename Value="uhashimpl.pas"/>
        <IsPartOfProject Value="True"/>
      </Unit5>
      <Unit6>
        <Filename Value="uformdebug.pas"/>
        <IsPartOfProject Value="True"/>
        <ComponentName Value="FormDebug"/>
        <HasResources Value="True"/>
        <ResourceBaseClass Value="Form"/>
        <UnitName Value="uformDebug"/>
      </Unit6>
      <Unit7>
        <Filename Value="uStringHashList.pas"/>
        <IsPartOfProject Value="True"/>
      </Unit7>
      <Unit8>
        <Filename Value="ucustomcefreshandler.pas"/>
        <IsPartOfProject Value="True"/>
        <UnitName Value="ucustomCEFResHandler"/>
      </Unit8>
    </Units>
  </ProjectOptions>
  <CompilerOptions>
    <Version Value="11"/>
    <PathDelim Value="\"/>
    <Target>
      <Filename Value="Kakaotv_chat"/>
    </Target>
    <SearchPaths>
      <IncludeFiles Value="$(ProjOutDir)"/>
      <Libraries Value="mormot\static\i386-win32"/>
      <OtherUnitFiles Value="mormot;mphash"/>
      <UnitOutputDirectory Value="lib\$(TargetCPU)-$(TargetOS)"/>
    </SearchPaths>
    <CodeGeneration>
      <RelocatableUnit Value="True"/>
      <Optimizations>
        <OptimizationLevel Value="2"/>
      </Optimizations>
    </CodeGeneration>
    <Linking>
      <Debugging>
        <UseExternalDbgSyms Value="True"/>
      </Debugging>
      <Options>
        <Win32>
          <GraphicApplication Value="True"/>
        </Win32>
      </Options>
    </Linking>
  </CompilerOptions>
  <Debugging>
    <Exceptions Count="3">
      <Item1>
        <Name Value="EAbort"/>
      </Item1>
      <Item2>
        <Name Value="ECodetoolError"/>
      </Item2>
      <Item3>
        <Name Value="EFOpenError"/>
      </Item3>
    </Exceptions>
  </Debugging>
</CONFIG>
